
Microsoft Visual Studio Solution File, Format Version 12.00
# Visual Studio 15
VisualStudioVersion = 15.0.26730.16
MinimumVisualStudioVersion = 10.0.40219.1
Project("{9A19103F-16F7-4668-BE54-9A1E7A4F7556}") = "Cibertec.Models", "Cibertec.Models\Cibertec.Models.csproj", "{F3E2A928-7471-42C4-BE98-22BE2D6D255F}"
EndProject
Project("{9A19103F-16F7-4668-BE54-9A1E7A4F7556}") = "Cibertec.Repositories", "Cibertec.Repositories\Cibertec.Repositories.csproj", "{5D93D597-A65F-42B4-914D-CDA8EEE3633C}"
EndProject
Project("{9A19103F-16F7-4668-BE54-9A1E7A4F7556}") = "Cibertec.UnitOfWork", "Cibertec.UnitOfWork\Cibertec.UnitOfWork.csproj", "{638B9118-241E-401D-AE61-FFEEF4A5D188}"
EndProject
Project("{9A19103F-16F7-4668-BE54-9A1E7A4F7556}") = "Cibertec.Repositories.Dapper", "Cibertec.Repositories.Dapper\Cibertec.Repositories.Dapper.csproj", "{88BEDA21-5166-49C7-8A0C-273EC88839B1}"
EndProject
Project("{2150E333-8FDC-42A3-9474-1A3956D46DE8}") = "Data", "Data", "{F7E118F3-AB4C-436D-A218-5C39CC8289AE}"
EndProject
Project("{2150E333-8FDC-42A3-9474-1A3956D46DE8}") = "Web", "Web", "{1BCBF13B-57DB-4842-95DB-D81A598F699F}"
EndProject
Project("{9A19103F-16F7-4668-BE54-9A1E7A4F7556}") = "Cibertec.WebApi", "Cibertec.WebApi\Cibertec.WebApi.csproj", "{B340E316-1183-4B83-BAD9-1181F6E2A167}"
EndProject
Project("{2150E333-8FDC-42A3-9474-1A3956D46DE8}") = "Test", "Test", "{2DA469E0-DD03-437A-8463-C63140DCF191}"
EndProject
Project("{9A19103F-16F7-4668-BE54-9A1E7A4F7556}") = "Cibertec.Mocked", "Cibertec.Mocked\Cibertec.Mocked.csproj", "{AB7535D1-04C4-4891-8C40-FD186E011055}"
EndProject
Project("{9A19103F-16F7-4668-BE54-9A1E7A4F7556}") = "Cibertec.WebApi.Tests.Mocked", "Cibertec.WebApi.Tests.Mocked\Cibertec.WebApi.Tests.Mocked.csproj", "{656FE9EF-8301-42D2-9EFF-572838EE4896}"
EndProject
Project("{2150E333-8FDC-42A3-9474-1A3956D46DE8}") = "Scripts", "Scripts", "{64891C95-3367-4B06-A88F-7A7870CD66A0}"
	ProjectSection(SolutionItems) = preProject
		E:\Clases\cibertec\vs2017\Examen Final\Chinook.sql = E:\Clases\cibertec\vs2017\Examen Final\Chinook.sql
		E:\Clases\cibertec\vs2017\Examen Final\Chinook_Scripts.sql = E:\Clases\cibertec\vs2017\Examen Final\Chinook_Scripts.sql
	EndProjectSection
EndProject
Global
	GlobalSection(SolutionConfigurationPlatforms) = preSolution
		Debug|Any CPU = Debug|Any CPU
		Release|Any CPU = Release|Any CPU
	EndGlobalSection
	GlobalSection(ProjectConfigurationPlatforms) = postSolution
		{F3E2A928-7471-42C4-BE98-22BE2D6D255F}.Debug|Any CPU.ActiveCfg = Debug|Any CPU
		{F3E2A928-7471-42C4-BE98-22BE2D6D255F}.Debug|Any CPU.Build.0 = Debug|Any CPU
		{F3E2A928-7471-42C4-BE98-22BE2D6D255F}.Release|Any CPU.ActiveCfg = Release|Any CPU
		{F3E2A928-7471-42C4-BE98-22BE2D6D255F}.Release|Any CPU.Build.0 = Release|Any CPU
		{5D93D597-A65F-42B4-914D-CDA8EEE3633C}.Debug|Any CPU.ActiveCfg = Debug|Any CPU
		{5D93D597-A65F-42B4-914D-CDA8EEE3633C}.Debug|Any CPU.Build.0 = Debug|Any CPU
		{5D93D597-A65F-42B4-914D-CDA8EEE3633C}.Release|Any CPU.ActiveCfg = Release|Any CPU
		{5D93D597-A65F-42B4-914D-CDA8EEE3633C}.Release|Any CPU.Build.0 = Release|Any CPU
		{638B9118-241E-401D-AE61-FFEEF4A5D188}.Debug|Any CPU.ActiveCfg = Debug|Any CPU
		{638B9118-241E-401D-AE61-FFEEF4A5D188}.Debug|Any CPU.Build.0 = Debug|Any CPU
		{638B9118-241E-401D-AE61-FFEEF4A5D188}.Release|Any CPU.ActiveCfg = Release|Any CPU
		{638B9118-241E-401D-AE61-FFEEF4A5D188}.Release|Any CPU.Build.0 = Release|Any CPU
		{88BEDA21-5166-49C7-8A0C-273EC88839B1}.Debug|Any CPU.ActiveCfg = Debug|Any CPU
		{88BEDA21-5166-49C7-8A0C-273EC88839B1}.Debug|Any CPU.Build.0 = Debug|Any CPU
		{88BEDA21-5166-49C7-8A0C-273EC88839B1}.Release|Any CPU.ActiveCfg = Release|Any CPU
		{88BEDA21-5166-49C7-8A0C-273EC88839B1}.Release|Any CPU.Build.0 = Release|Any CPU
		{B340E316-1183-4B83-BAD9-1181F6E2A167}.Debug|Any CPU.ActiveCfg = Debug|Any CPU
		{B340E316-1183-4B83-BAD9-1181F6E2A167}.Debug|Any CPU.Build.0 = Debug|Any CPU
		{B340E316-1183-4B83-BAD9-1181F6E2A167}.Release|Any CPU.ActiveCfg = Release|Any CPU
		{B340E316-1183-4B83-BAD9-1181F6E2A167}.Release|Any CPU.Build.0 = Release|Any CPU
		{AB7535D1-04C4-4891-8C40-FD186E011055}.Debug|Any CPU.ActiveCfg = Debug|Any CPU
		{AB7535D1-04C4-4891-8C40-FD186E011055}.Debug|Any CPU.Build.0 = Debug|Any CPU
		{AB7535D1-04C4-4891-8C40-FD186E011055}.Release|Any CPU.ActiveCfg = Release|Any CPU
		{AB7535D1-04C4-4891-8C40-FD186E011055}.Release|Any CPU.Build.0 = Release|Any CPU
		{656FE9EF-8301-42D2-9EFF-572838EE4896}.Debug|Any CPU.ActiveCfg = Debug|Any CPU
		{656FE9EF-8301-42D2-9EFF-572838EE4896}.Debug|Any CPU.Build.0 = Debug|Any CPU
		{656FE9EF-8301-42D2-9EFF-572838EE4896}.Release|Any CPU.ActiveCfg = Release|Any CPU
		{656FE9EF-8301-42D2-9EFF-572838EE4896}.Release|Any CPU.Build.0 = Release|Any CPU
	EndGlobalSection
	GlobalSection(SolutionProperties) = preSolution
		HideSolutionNode = FALSE
	EndGlobalSection
	GlobalSection(NestedProjects) = preSolution
		{F3E2A928-7471-42C4-BE98-22BE2D6D255F} = {F7E118F3-AB4C-436D-A218-5C39CC8289AE}
		{5D93D597-A65F-42B4-914D-CDA8EEE3633C} = {F7E118F3-AB4C-436D-A218-5C39CC8289AE}
		{638B9118-241E-401D-AE61-FFEEF4A5D188} = {F7E118F3-AB4C-436D-A218-5C39CC8289AE}
		{88BEDA21-5166-49C7-8A0C-273EC88839B1} = {F7E118F3-AB4C-436D-A218-5C39CC8289AE}
		{B340E316-1183-4B83-BAD9-1181F6E2A167} = {1BCBF13B-57DB-4842-95DB-D81A598F699F}
		{AB7535D1-04C4-4891-8C40-FD186E011055} = {2DA469E0-DD03-437A-8463-C63140DCF191}
		{656FE9EF-8301-42D2-9EFF-572838EE4896} = {2DA469E0-DD03-437A-8463-C63140DCF191}
	EndGlobalSection
	GlobalSection(ExtensibilityGlobals) = postSolution
		SolutionGuid = {57F2759C-2198-4F44-81DA-48B3C19AF4FE}
	EndGlobalSection
EndGlobal
